<Solution>
  <Folder Name="/Common/">
    <Project Path="src/Common/Koh.Common/Koh.Common.csproj" />
    <Project Path="src/Common/Koh.Objects/Koh.Objects.csproj" />
    <Project Path="src/Common/Koh.Opcodes/Koh.Opcodes.csproj" />
    <Project Path="tests/Common/Koh.Objects.Tests/Koh.Objects.Tests.csproj" />
    <Project Path="tests/Common/Koh.Opcodes.Tests/Koh.Opcodes.Tests.csproj" />
  </Folder>
  <Folder Name="/Asm/">
    <Project Path="src/Asm/Koh.Asm/Koh.Asm.csproj" />
    <Project Path="src/Asm/Koh.Core/Koh.Core.csproj" />
    <Project Path="src/Asm/Koh.Lsp/Koh.Lsp.csproj" />
    <Project Path="tests/Asm/Koh.Asm.Tests/Koh.Asm.Tests.csproj" />
    <Project Path="tests/Asm/Koh.Core.Tests/Koh.Core.Tests.csproj" />
    <Project Path="tests/Asm/Koh.Lsp.Tests/Koh.Lsp.Tests.csproj" />
  </Folder>
  <Folder Name="/Link/">
    <Project Path="src/Link/Koh.Link/Koh.Link.csproj" />
    <Project Path="src/Link/Koh.Linker/Koh.Linker.csproj" />
    <Project Path="tests/Link/Koh.Linker.Tests/Koh.Linker.Tests.csproj" />
  </Folder>
  <Folder Name="/Compiler/">
    <Project Path="src/Compiler/Koh.Build.Tasks/Koh.Build.Tasks.csproj" />
    <Project Path="src/Compiler/Koh.Compiler/Koh.Compiler.csproj" />
    <Project Path="src/Compiler/Koh.GameBoy/Koh.GameBoy.csproj" />
    <Project Path="tests/Compiler/Koh.Compiler.Tests/Koh.Compiler.Tests.csproj" />
  </Folder>
  <Folder Name="/Emulator/">
    <Project Path="src/Emulator/Koh.Boot/Koh.Boot.csproj" />
    <Project Path="src/Emulator/Koh.Debugger/Koh.Debugger.csproj" />
    <Project Path="src/Emulator/Koh.Emulator.App/Koh.Emulator.App.csproj" />
    <Project Path="src/Emulator/Koh.Emulator/Koh.Emulator.csproj" />
    <Project Path="src/Emulator/Koh.Verify/Koh.Verify.csproj" />
    <Project Path="tests/Emulator/Koh.Boot.Tests/Koh.Boot.Tests.csproj" />
    <Project Path="tests/Emulator/Koh.Debugger.Tests/Koh.Debugger.Tests.csproj" />
    <Project Path="tests/Emulator/Koh.Emulator.Tests/Koh.Emulator.Tests.csproj" />
  </Folder>
  <Folder Name="/UI/">
    <Project Path="src/UI/KohUI.Backends.Dom/KohUI.Backends.Dom.csproj" />
    <Project Path="src/UI/KohUI.Backends.Gl/KohUI.Backends.Gl.csproj" />
    <Project Path="src/UI/KohUI/KohUI.csproj" />
    <Project Path="tests/UI/KohUI.Tests.E2E/KohUI.Tests.E2E.csproj" />
    <Project Path="tests/UI/KohUI.Tests/KohUI.Tests.csproj" />
  </Folder>
  <Folder Name="/Tools/">
    <Project Path="tests/Tools/Koh.Superopt.Tests/Koh.Superopt.Tests.csproj" />
    <Project Path="tools/Koh.Superopt/Koh.Superopt.csproj" />
    <Project Path="tools/benchmarks/Koh.Benchmarks/Koh.Benchmarks.csproj" />
  </Folder>
  <Folder Name="/Samples/">
    <Project Path="samples/ui/KohUI.Demo/KohUI.Demo.csproj" />
    <Project Path="samples/csharp/gb-2048-cs/Gb2048CSharp.csproj" />
    <Project Path="samples/csharp/gb-2048-v2/Gb2048V2.csproj" />
    <Project Path="samples/asm/gb-2048/verify/Gb2048Verify.csproj" />
    <Project Path="samples/csharp/gb-3d/double-buffered/CubeDoubleBuffered.csproj" />
    <Project Path="samples/csharp/gb-3d/full-frame/CubeFullFrame.csproj" />
    <Project Path="samples/csharp/gb-3d/racing-beam/CubeRacingBeam.csproj" />
    <Project Path="samples/csharp/gb-3d/verify/Cube3dVerify.csproj" />
    <Project Path="samples/csharp/gb-gfx-demo/GbGfxDemo.csproj" />
    <Project Path="samples/csharp/gb-jrpg/Gbjrpg.csproj" />
  </Folder>
</Solution>
